// !$*UTF8*$!
{
	archiveVersion = 1;
	classes = {
	};
	objectVersion = 55;
	objects = {

/* Begin PBXBuildFile section */
		18939AB72B9AE3D100405621 /* AppDelegate.swift in Sources */ = {isa = PBXBuildFile; fileRef = 18939AB62B9AE3D100405621 /* AppDelegate.swift */; };
		18939AB92B9AE3D100405621 /* SceneDelegate.swift in Sources */ = {isa = PBXBuildFile; fileRef = 18939AB82B9AE3D100405621 /* SceneDelegate.swift */; };
		18939ABB2B9AE3D100405621 /* ViewController.swift in Sources */ = {isa = PBXBuildFile; fileRef = 18939ABA2B9AE3D100405621 /* ViewController.swift */; };
		18939ABE2B9AE3D100405621 /* Main.storyboard in Resources */ = {isa = PBXBuildFile; fileRef = 18939ABC2B9AE3D100405621 /* Main.storyboard */; };
		18939AC02B9AE3D600405621 /* Assets.xcassets in Resources */ = {isa = PBXBuildFile; fileRef = 18939ABF2B9AE3D600405621 /* Assets.xcassets */; };
		18939AC32B9AE3D600405621 /* LaunchScreen.storyboard in Resources */ = {isa = PBXBuildFile; fileRef = 18939AC12B9AE3D600405621 /* LaunchScreen.storyboard */; };
		18939ACC2B9AE40400405621 /* Localizable(English).strings in Resources */ = {isa = PBXBuildFile; fileRef = 18939ACB2B9AE40400405621 /* Localizable(English).strings */; };
		18939ACE2B9AE42C00405621 /* Localizable(Indonesian).strings in Resources */ = {isa = PBXBuildFile; fileRef = 18939ACD2B9AE42C00405621 /* Localizable(Indonesian).strings */; };
		18939AD02B9AE43F00405621 /* Localizable(Thai).strings in Resources */ = {isa = PBXBuildFile; fileRef = 18939ACF2B9AE43F00405621 /* Localizable(Thai).strings */; };
		18939AD22B9AE46000405621 /* Localizable(Vietnamese).strings in Resources */ = {isa = PBXBuildFile; fileRef = 18939AD12B9AE46000405621 /* Localizable(Vietnamese).strings */; };
/* End PBXBuildFile section */

/* Begin PBXFileReference section */
		18939AB32B9AE3D100405621 /* LocalisationPartnerApp.app */ = {isa = PBXFileReference; explicitFileType = wrapper.application; includeInIndex = 0; path = LocalisationPartnerApp.app; sourceTree = BUILT_PRODUCTS_DIR; };
		18939AB62B9AE3D100405621 /* AppDelegate.swift */ = {isa = PBXFileReference; lastKnownFileType = sourcecode.swift; path = AppDelegate.swift; sourceTree = "<group>"; };
		18939AB82B9AE3D100405621 /* SceneDelegate.swift */ = {isa = PBXFileReference; lastKnownFileType = sourcecode.swift; path = SceneDelegate.swift; sourceTree = "<group>"; };
		18939ABA2B9AE3D100405621 /* ViewController.swift */ = {isa = PBXFileReference; lastKnownFileType = sourcecode.swift; path = ViewController.swift; sourceTree = "<group>"; };
		18939ABD2B9AE3D100405621 /* Base */ = {isa = PBXFileReference; lastKnownFileType = file.storyboard; name = Base; path = Base.lproj/Main.storyboard; sourceTree = "<group>"; };
		18939ABF2B9AE3D600405621 /* Assets.xcassets */ = {isa = PBXFileReference; lastKnownFileType = folder.assetcatalog; path = Assets.xcassets; sourceTree = "<group>"; };
		18939AC22B9AE3D600405621 /* Base */ = {isa = PBXFileReference; lastKnownFileType = file.storyboard; name = Base; path = Base.lproj/LaunchScreen.storyboard; sourceTree = "<group>"; };
		18939AC42B9AE3D600405621 /* Info.plist */ = {isa = PBXFileReference; lastKnownFileType = text.plist.xml; path = Info.plist; sourceTree = "<group>"; };
		18939ACB2B9AE40400405621 /* Localizable(English).strings */ = {isa = PBXFileReference; lastKnownFileType = text.plist.strings; path = "Localizable(English).strings"; sourceTree = "<group>"; };
		18939ACD2B9AE42C00405621 /* Localizable(Indonesian).strings */ = {isa = PBXFileReference; lastKnownFileType = text.plist.strings; path = "Localizable(Indonesian).strings"; sourceTree = "<group>"; };
		18939ACF2B9AE43F00405621 /* Localizable(Thai).strings */ = {isa = PBXFileReference; lastKnownFileType = text.plist.strings; path = "Localizable(Thai).strings"; sourceTree = "<group>"; };
		18939AD12B9AE46000405621 /* Localizable(Vietnamese).strings */ = {isa = PBXFileReference; lastKnownFileType = text.plist.strings; path = "Localizable(Vietnamese).strings"; sourceTree = "<group>"; };
/* End PBXFileReference section */

/* Begin PBXFrameworksBuildPhase section */
		18939AB02B9AE3D100405621 /* Frameworks */ = {
			isa = PBXFrameworksBuildPhase;
			buildActionMask = 2147483647;
			files = (
			);
			runOnlyForDeploymentPostprocessing = 0;
		};
/* End PBXFrameworksBuildPhase section */

/* Begin PBXGroup section */
		18939AAA2B9AE3D100405621 = {
			isa = PBXGroup;
			children = (
				18939AB52B9AE3D100405621 /* LocalisationPartnerApp */,
				18939AB42B9AE3D100405621 /* Products */,
			);
			sourceTree = "<group>";
		};
		18939AB42B9AE3D100405621 /* Products */ = {
			isa = PBXGroup;
			children = (
				18939AB32B9AE3D100405621 /* LocalisationPartnerApp.app */,
			);
			name = Products;
			sourceTree = "<group>";
		};
		18939AB52B9AE3D100405621 /* LocalisationPartnerApp */ = {
			isa = PBXGroup;
			children = (
				18939ACA2B9AE3E400405621 /* Localisation */,
				18939AB62B9AE3D100405621 /* AppDelegate.swift */,
				18939AB82B9AE3D100405621 /* SceneDelegate.swift */,
				18939ABA2B9AE3D100405621 /* ViewController.swift */,
				18939ABC2B9AE3D100405621 /* Main.storyboard */,
				18939ABF2B9AE3D600405621 /* Assets.xcassets */,
				18939AC12B9AE3D600405621 /* LaunchScreen.storyboard */,
				18939AC42B9AE3D600405621 /* Info.plist */,
			);
			path = LocalisationPartnerApp;
			sourceTree = "<group>";
		};
		18939ACA2B9AE3E400405621 /* Localisation */ = {
			isa = PBXGroup;
			children = (
				18939ACB2B9AE40400405621 /* Localizable(English).strings */,
				18939ACD2B9AE42C00405621 /* Localizable(Indonesian).strings */,
				18939ACF2B9AE43F00405621 /* Localizable(Thai).strings */,
				18939AD12B9AE46000405621 /* Localizable(Vietnamese).strings */,
			);
			path = Localisation;
			sourceTree = "<group>";
		};
/* End PBXGroup section */

/* Begin PBXNativeTarget section */
		18939AB22B9AE3D100405621 /* LocalisationPartnerApp */ = {
			isa = PBXNativeTarget;
			buildConfigurationList = 18939AC72B9AE3D600405621 /* Build configuration list for PBXNativeTarget "LocalisationPartnerApp" */;
			buildPhases = (
				18939AAF2B9AE3D100405621 /* Sources */,
				18939AB02B9AE3D100405621 /* Frameworks */,
				18939AB12B9AE3D100405621 /* Resources */,
			);
			buildRules = (
			);
			dependencies = (
			);
			name = LocalisationPartnerApp;
			productName = LocalisationPartnerApp;
			productReference = 18939AB32B9AE3D100405621 /* LocalisationPartnerApp.app */;
			productType = "com.apple.product-type.application";
		};
/* End PBXNativeTarget section */

/* Begin PBXProject section */
		18939AAB2B9AE3D100405621 /* Project object */ = {
			isa = PBXProject;
			attributes = {
				BuildIndependentTargetsInParallel = 1;
				LastSwiftUpdateCheck = 1330;
				LastUpgradeCheck = 1330;
				TargetAttributes = {
					18939AB22B9AE3D100405621 = {
						CreatedOnToolsVersion = 13.3.1;
					};
				};
			};
			buildConfigurationList = 18939AAE2B9AE3D100405621 /* Build configuration list for PBXProject "LocalisationPartnerApp" */;
			compatibilityVersion = "Xcode 13.0";
			developmentRegion = en;
			hasScannedForEncodings = 0;
			knownRegions = (
				en,
				Base,
			);
			mainGroup = 18939AAA2B9AE3D100405621;
			productRefGroup = 18939AB42B9AE3D100405621 /* Products */;
			projectDirPath = "";
			projectRoot = "";
			targets = (
				18939AB22B9AE3D100405621 /* LocalisationPartnerApp */,
			);
		};
/* End PBXProject section */

/* Begin PBXResourcesBuildPhase section */
		18939AB12B9AE3D100405621 /* Resources */ = {
			isa = PBXResourcesBuildPhase;
			buildActionMask = 2147483647;
			files = (
				18939AD22B9AE46000405621 /* Localizable(Vietnamese).strings in Resources */,
				18939AC32B9AE3D600405621 /* LaunchScreen.storyboard in Resources */,
				18939ACC2B9AE40400405621 /* Localizable(English).strings in Resources */,
				18939AC02B9AE3D600405621 /* Assets.xcassets in Resources */,
				18939ABE2B9AE3D100405621 /* Main.storyboard in Resources */,
				18939AD02B9AE43F00405621 /* Localizable(Thai).strings in Resources */,
				18939ACE2B9AE42C00405621 /* Localizable(Indonesian).strings in Resources */,
			);
			runOnlyForDeploymentPostprocessing = 0;
		};
/* End PBXResourcesBuildPhase section */

/* Begin PBXSourcesBuildPhase section */
		18939AAF2B9AE3D100405621 /* Sources */ = {
			isa = PBXSourcesBuildPhase;
			buildActionMask = 2147483647;
			files = (
				18939ABB2B9AE3D100405621 /* ViewController.swift in Sources */,
				18939AB72B9AE3D100405621 /* AppDelegate.swift in Sources */,
				18939AB92B9AE3D100405621 /* SceneDelegate.swift in Sources */,
			);
			runOnlyForDeploymentPostprocessing = 0;
		};
/* End PBXSourcesBuildPhase section */

/* Begin PBXVariantGroup section */
		18939ABC2B9AE3D100405621 /* Main.storyboard */ = {
			isa = PBXVariantGroup;
			children = (
				18939ABD2B9AE3D100405621 /* Base */,
			);
			name = Main.storyboard;
			sourceTree = "<group>";
		};
		18939AC12B9AE3D600405621 /* LaunchScreen.storyboard */ = {
			isa = PBXVariantGroup;
			children = (
				18939AC22B9AE3D600405621 /* Base */,
			);
			name = LaunchScreen.storyboard;
			sourceTree = "<group>";
		};
/* End PBXVariantGroup section */

/* Begin XCBuildConfiguration section */
		18939AC52B9AE3D600405621 /* Debug */ = {
			isa = XCBuildConfiguration;
			buildSettings = {
				ALWAYS_SEARCH_USER_PATHS = NO;
				CLANG_ANALYZER_NONNULL = YES;
				CLANG_ANALYZER_NUMBER_OBJECT_CONVERSION = YES_AGGRESSIVE;
				CLANG_CXX_LANGUAGE_STANDARD = "gnu++17";
				CLANG_ENABLE_MODULES = YES;
				CLANG_ENABLE_OBJC_ARC = YES;
				CLANG_ENABLE_OBJC_WEAK = YES;
				CLANG_WARN_BLOCK_CAPTURE_AUTORELEASING = YES;
				CLANG_WARN_BOOL_CONVERSION = YES;
				CLANG_WARN_COMMA = YES;
				CLANG_WARN_CONSTANT_CONVERSION = YES;
				CLANG_WARN_DEPRECATED_OBJC_IMPLEMENTATIONS = YES;
				CLANG_WARN_DIRECT_OBJC_ISA_USAGE = YES_ERROR;
				CLANG_WARN_DOCUMENTATION_COMMENTS = YES;
				CLANG_WARN_EMPTY_BODY = YES;
				CLANG_WARN_ENUM_CONVERSION = YES;
				CLANG_WARN_INFINITE_RECURSION = YES;
				CLANG_WARN_INT_CONVERSION = YES;
				CLANG_WARN_NON_LITERAL_NULL_CONVERSION = YES;
				CLANG_WARN_OBJC_IMPLICIT_RETAIN_SELF = YES;
				CLANG_WARN_OBJC_LITERAL_CONVERSION = YES;
				CLANG_WARN_OBJC_ROOT_CLASS = YES_ERROR;
				CLANG_WARN_QUOTED_INCLUDE_IN_FRAMEWORK_HEADER = YES;
				CLANG_WARN_RANGE_LOOP_ANALYSIS = YES;
				CLANG_WARN_STRICT_PROTOTYPES = YES;
				CLANG_WARN_SUSPICIOUS_MOVE = YES;
				CLANG_WARN_UNGUARDED_AVAILABILITY = YES_AGGRESSIVE;
				CLANG_WARN_UNREACHABLE_CODE = YES;
				CLANG_WARN__DUPLICATE_METHOD_MATCH = YES;
				COPY_PHASE_STRIP = NO;
				DEBUG_INFORMATION_FORMAT = dwarf;
				ENABLE_STRICT_OBJC_MSGSEND = YES;
				ENABLE_TESTABILITY = YES;
				GCC_C_LANGUAGE_STANDARD = gnu11;
				GCC_DYNAMIC_NO_PIC = NO;
				GCC_NO_COMMON_BLOCKS = YES;
				GCC_OPTIMIZATION_LEVEL = 0;
				GCC_PREPROCESSOR_DEFINITIONS = (
					"DEBUG=1",
					"$(inherited)",
				);
				GCC_WARN_64_TO_32_BIT_CONVERSION = YES;
				GCC_WARN_ABOUT_RETURN_TYPE = YES_ERROR;
				GCC_WARN_UNDECLARED_SELECTOR = YES;
				GCC_WARN_UNINITIALIZED_AUTOS = YES_AGGRESSIVE;
				GCC_WARN_UNUSED_FUNCTION = YES;
				GCC_WARN_UNUSED_VARIABLE = YES;
				IPHONEOS_DEPLOYMENT_TARGET = 15.4;
				MTL_ENABLE_DEBUG_INFO = INCLUDE_SOURCE;
				MTL_FAST_MATH = YES;
				ONLY_ACTIVE_ARCH = YES;
				SDKROOT = iphoneos;
				SWIFT_ACTIVE_COMPILATION_CONDITIONS = DEBUG;
				SWIFT_OPTIMIZATION_LEVEL = "-Onone";
			};
			name = Debug;
		};
		18939AC62B9AE3D600405621 /* Release */ = {
			isa = XCBuildConfiguration;
			buildSettings = {
				ALWAYS_SEARCH_USER_PATHS = NO;
				CLANG_ANALYZER_NONNULL = YES;
				CLANG_ANALYZER_NUMBER_OBJECT_CONVERSION = YES_AGGRESSIVE;
				CLANG_CXX_LANGUAGE_STANDARD = "gnu++17";
				CLANG_ENABLE_MODULES = YES;
				CLANG_ENABLE_OBJC_ARC = YES;
				CLANG_ENABLE_OBJC_WEAK = YES;
				CLANG_WARN_BLOCK_CAPTURE_AUTORELEASING = YES;
				CLANG_WARN_BOOL_CONVERSION = YES;
				CLANG_WARN_COMMA = YES;
				CLANG_WARN_CONSTANT_CONVERSION = YES;
				CLANG_WARN_DEPRECATED_OBJC_IMPLEMENTATIONS = YES;
				CLANG_WARN_DIRECT_OBJC_ISA_USAGE = YES_ERROR;
				CLANG_WARN_DOCUMENTATION_COMMENTS = YES;
				CLANG_WARN_EMPTY_BODY = YES;
				CLANG_WARN_ENUM_CONVERSION = YES;
				CLANG_WARN_INFINITE_RECURSION = YES;
				CLANG_WARN_INT_CONVERSION = YES;
				CLANG_WARN_NON_LITERAL_NULL_CONVERSION = YES;
				CLANG_WARN_OBJC_IMPLICIT_RETAIN_SELF = YES;
				CLANG_WARN_OBJC_LITERAL_CONVERSION = YES;
				CLANG_WARN_OBJC_ROOT_CLASS = YES_ERROR;
				CLANG_WARN_QUOTED_INCLUDE_IN_FRAMEWORK_HEADER = YES;
				CLANG_WARN_RANGE_LOOP_ANALYSIS = YES;
				CLANG_WARN_STRICT_PROTOTYPES = YES;
				CLANG_WARN_SUSPICIOUS_MOVE = YES;
				CLANG_WARN_UNGUARDED_AVAILABILITY = YES_AGGRESSIVE;
				CLANG_WARN_UNREACHABLE_CODE = YES;
				CLANG_WARN__DUPLICATE_METHOD_MATCH = YES;
				COPY_PHASE_STRIP = NO;
				DEBUG_INFORMATION_FORMAT = "dwarf-with-dsym";
				ENABLE_NS_ASSERTIONS = NO;
				ENABLE_STRICT_OBJC_MSGSEND = YES;
				GCC_C_LANGUAGE_STANDARD = gnu11;
				GCC_NO_COMMON_BLOCKS = YES;
				GCC_WARN_64_TO_32_BIT_CONVERSION = YES;
				GCC_WARN_ABOUT_RETURN_TYPE = YES_ERROR;
				GCC_WARN_UNDECLARED_SELECTOR = YES;
				GCC_WARN_UNINITIALIZED_AUTOS = YES_AGGRESSIVE;
				GCC_WARN_UNUSED_FUNCTION = YES;
				GCC_WARN_UNUSED_VARIABLE = YES;
				IPHONEOS_DEPLOYMENT_TARGET = 15.4;
				MTL_ENABLE_DEBUG_INFO = NO;
				MTL_FAST_MATH = YES;
				SDKROOT = iphoneos;
				SWIFT_COMPILATION_MODE = wholemodule;
				SWIFT_OPTIMIZATION_LEVEL = "-O";
				VALIDATE_PRODUCT = YES;
			};
			name = Release;
		};
		18939AC82B9AE3D600405621 /* Debug */ = {
			isa = XCBuildConfiguration;
			buildSettings = {
				ASSETCATALOG_COMPILER_APPICON_NAME = AppIcon;
				ASSETCATALOG_COMPILER_GLOBAL_ACCENT_COLOR_NAME = AccentColor;
				CODE_SIGN_STYLE = Automatic;
				CURRENT_PROJECT_VERSION = 1;
				DEVELOPMENT_TEAM = PLPCW5563M;
				GENERATE_INFOPLIST_FILE = YES;
				INFOPLIST_FILE = LocalisationPartnerApp/Info.plist;
				INFOPLIST_KEY_UIApplicationSupportsIndirectInputEvents = YES;
				INFOPLIST_KEY_UILaunchStoryboardName = LaunchScreen;
				INFOPLIST_KEY_UIMainStoryboardFile = Main;
				INFOPLIST_KEY_UISupportedInterfaceOrientations_iPad = "UIInterfaceOrientationPortrait UIInterfaceOrientationPortraitUpsideDown UIInterfaceOrientationLandscapeLeft UIInterfaceOrientationLandscapeRight";
				INFOPLIST_KEY_UISupportedInterfaceOrientations_iPhone = "UIInterfaceOrientationPortrait UIInterfaceOrientationLandscapeLeft UIInterfaceOrientationLandscapeRight";
				LD_RUNPATH_SEARCH_PATHS = (
					"$(inherited)",
					"@executable_path/Frameworks",
				);
				MARKETING_VERSION = 1.0;
				PRODUCT_BUNDLE_IDENTIFIER = com.digitalaptech.LocalisationPartnerApp;
				PRODUCT_NAME = "$(TARGET_NAME)";
				SWIFT_EMIT_LOC_STRINGS = YES;
				SWIFT_VERSION = 5.0;
				TARGETED_DEVICE_FAMILY = "1,2";
			};
			name = Debug;
		};
		18939AC92B9AE3D600405621 /* Release */ = {
			isa = XCBuildConfiguration;
			buildSettings = {
				ASSETCATALOG_COMPILER_APPICON_NAME = AppIcon;
				ASSETCATALOG_COMPILER_GLOBAL_ACCENT_COLOR_NAME = AccentColor;
				CODE_SIGN_STYLE = Automatic;
				CURRENT_PROJECT_VERSION = 1;
				DEVELOPMENT_TEAM = PLPCW5563M;
				GENERATE_INFOPLIST_FILE = YES;
				INFOPLIST_FILE = LocalisationPartnerApp/Info.plist;
				INFOPLIST_KEY_UIApplicationSupportsIndirectInputEvents = YES;
				INFOPLIST_KEY_UILaunchStoryboardName = LaunchScreen;
				INFOPLIST_KEY_UIMainStoryboardFile = Main;
				INFOPLIST_KEY_UISupportedInterfaceOrientations_iPad = "UIInterfaceOrientationPortrait UIInterfaceOrientationPortraitUpsideDown UIInterfaceOrientationLandscapeLeft UIInterfaceOrientationLandscapeRight";
				INFOPLIST_KEY_UISupportedInterfaceOrientations_iPhone = "UIInterfaceOrientationPortrait UIInterfaceOrientationLandscapeLeft UIInterfaceOrientationLandscapeRight";
				LD_RUNPATH_SEARCH_PATHS = (
					"$(inherited)",
					"@executable_path/Frameworks",
				);
				MARKETING_VERSION = 1.0;
				PRODUCT_BUNDLE_IDENTIFIER = com.digitalaptech.LocalisationPartnerApp;
				PRODUCT_NAME = "$(TARGET_NAME)";
				SWIFT_EMIT_LOC_STRINGS = YES;
				SWIFT_VERSION = 5.0;
				TARGETED_DEVICE_FAMILY = "1,2";
			};
			name = Release;
		};
/* End XCBuildConfiguration section */

/* Begin XCConfigurationList section */
		18939AAE2B9AE3D100405621 /* Build configuration list for PBXProject "LocalisationPartnerApp" */ = {
			isa = XCConfigurationList;
			buildConfigurations = (
				18939AC52B9AE3D600405621 /* Debug */,
				18939AC62B9AE3D600405621 /* Release */,
			);
			defaultConfigurationIsVisible = 0;
			defaultConfigurationName = Release;
		};
		18939AC72B9AE3D600405621 /* Build configuration list for PBXNativeTarget "LocalisationPartnerApp" */ = {
			isa = XCConfigurationList;
			buildConfigurations = (
				18939AC82B9AE3D600405621 /* Debug */,
				18939AC92B9AE3D600405621 /* Release */,
			);
			defaultConfigurationIsVisible = 0;
			defaultConfigurationName = Release;
		};
/* End XCConfigurationList section */
	};
	rootObject = 18939AAB2B9AE3D100405621 /* Project object */;
}
