// !$*UTF8*$!
{
	archiveVersion = 1;
	classes = {
	};
	objectVersion = 55;
	objects = {

/* Begin PBXBuildFile section */
		189EB7112B56944A0043BB6A /* AppDelegate.swift in Sources */ = {isa = PBXBuildFile; fileRef = 189EB7102B56944A0043BB6A /* AppDelegate.swift */; };
		189EB7132B56944A0043BB6A /* SceneDelegate.swift in Sources */ = {isa = PBXBuildFile; fileRef = 189EB7122B56944A0043BB6A /* SceneDelegate.swift */; };
		189EB7152B56944A0043BB6A /* ViewController.swift in Sources */ = {isa = PBXBuildFile; fileRef = 189EB7142B56944A0043BB6A /* ViewController.swift */; };
		189EB7182B56944A0043BB6A /* Main.storyboard in Resources */ = {isa = PBXBuildFile; fileRef = 189EB7162B56944A0043BB6A /* Main.storyboard */; };
		189EB71A2B56944C0043BB6A /* Assets.xcassets in Resources */ = {isa = PBXBuildFile; fileRef = 189EB7192B56944C0043BB6A /* Assets.xcassets */; };
		189EB71D2B56944C0043BB6A /* LaunchScreen.storyboard in Resources */ = {isa = PBXBuildFile; fileRef = 189EB71B2B56944C0043BB6A /* LaunchScreen.storyboard */; };
		18B6629F2B5966B200887038 /* TableViewCell.swift in Sources */ = {isa = PBXBuildFile; fileRef = 18B6629D2B5966B200887038 /* TableViewCell.swift */; };
		18B662A02B5966B200887038 /* TableViewCell.xib in Resources */ = {isa = PBXBuildFile; fileRef = 18B6629E2B5966B200887038 /* TableViewCell.xib */; };
/* End PBXBuildFile section */

/* Begin PBXFileReference section */
		189EB70D2B56944A0043BB6A /* BookingDetailsPage.app */ = {isa = PBXFileReference; explicitFileType = wrapper.application; includeInIndex = 0; path = BookingDetailsPage.app; sourceTree = BUILT_PRODUCTS_DIR; };
		189EB7102B56944A0043BB6A /* AppDelegate.swift */ = {isa = PBXFileReference; lastKnownFileType = sourcecode.swift; path = AppDelegate.swift; sourceTree = "<group>"; };
		189EB7122B56944A0043BB6A /* SceneDelegate.swift */ = {isa = PBXFileReference; lastKnownFileType = sourcecode.swift; path = SceneDelegate.swift; sourceTree = "<group>"; };
		189EB7142B56944A0043BB6A /* ViewController.swift */ = {isa = PBXFileReference; lastKnownFileType = sourcecode.swift; path = ViewController.swift; sourceTree = "<group>"; };
		189EB7172B56944A0043BB6A /* Base */ = {isa = PBXFileReference; lastKnownFileType = file.storyboard; name = Base; path = Base.lproj/Main.storyboard; sourceTree = "<group>"; };
		189EB7192B56944C0043BB6A /* Assets.xcassets */ = {isa = PBXFileReference; lastKnownFileType = folder.assetcatalog; path = Assets.xcassets; sourceTree = "<group>"; };
		189EB71C2B56944C0043BB6A /* Base */ = {isa = PBXFileReference; lastKnownFileType = file.storyboard; name = Base; path = Base.lproj/LaunchScreen.storyboard; sourceTree = "<group>"; };
		189EB71E2B56944C0043BB6A /* Info.plist */ = {isa = PBXFileReference; lastKnownFileType = text.plist.xml; path = Info.plist; sourceTree = "<group>"; };
		18B6629D2B5966B200887038 /* TableViewCell.swift */ = {isa = PBXFileReference; lastKnownFileType = sourcecode.swift; path = TableViewCell.swift; sourceTree = "<group>"; };
		18B6629E2B5966B200887038 /* TableViewCell.xib */ = {isa = PBXFileReference; lastKnownFileType = file.xib; path = TableViewCell.xib; sourceTree = "<group>"; };
/* End PBXFileReference section */

/* Begin PBXFrameworksBuildPhase section */
		189EB70A2B56944A0043BB6A /* Frameworks */ = {
			isa = PBXFrameworksBuildPhase;
			buildActionMask = 2147483647;
			files = (
			);
			runOnlyForDeploymentPostprocessing = 0;
		};
/* End PBXFrameworksBuildPhase section */

/* Begin PBXGroup section */
		189EB7042B56944A0043BB6A = {
			isa = PBXGroup;
			children = (
				189EB70F2B56944A0043BB6A /* BookingDetailsPage */,
				189EB70E2B56944A0043BB6A /* Products */,
			);
			sourceTree = "<group>";
		};
		189EB70E2B56944A0043BB6A /* Products */ = {
			isa = PBXGroup;
			children = (
				189EB70D2B56944A0043BB6A /* BookingDetailsPage.app */,
			);
			name = Products;
			sourceTree = "<group>";
		};
		189EB70F2B56944A0043BB6A /* BookingDetailsPage */ = {
			isa = PBXGroup;
			children = (
				18B6629C2B59667200887038 /* AddEqipmntTblvw */,
				189EB7102B56944A0043BB6A /* AppDelegate.swift */,
				189EB7122B56944A0043BB6A /* SceneDelegate.swift */,
				189EB7142B56944A0043BB6A /* ViewController.swift */,
				189EB7162B56944A0043BB6A /* Main.storyboard */,
				189EB7192B56944C0043BB6A /* Assets.xcassets */,
				189EB71B2B56944C0043BB6A /* LaunchScreen.storyboard */,
				189EB71E2B56944C0043BB6A /* Info.plist */,
			);
			path = BookingDetailsPage;
			sourceTree = "<group>";
		};
		18B6629C2B59667200887038 /* AddEqipmntTblvw */ = {
			isa = PBXGroup;
			children = (
				18B6629D2B5966B200887038 /* TableViewCell.swift */,
				18B6629E2B5966B200887038 /* TableViewCell.xib */,
			);
			path = AddEqipmntTblvw;
			sourceTree = "<group>";
		};
/* End PBXGroup section */

/* Begin PBXNativeTarget section */
		189EB70C2B56944A0043BB6A /* BookingDetailsPage */ = {
			isa = PBXNativeTarget;
			buildConfigurationList = 189EB7212B56944C0043BB6A /* Build configuration list for PBXNativeTarget "BookingDetailsPage" */;
			buildPhases = (
				189EB7092B56944A0043BB6A /* Sources */,
				189EB70A2B56944A0043BB6A /* Frameworks */,
				189EB70B2B56944A0043BB6A /* Resources */,
			);
			buildRules = (
			);
			dependencies = (
			);
			name = BookingDetailsPage;
			productName = BookingDetailsPage;
			productReference = 189EB70D2B56944A0043BB6A /* BookingDetailsPage.app */;
			productType = "com.apple.product-type.application";
		};
/* End PBXNativeTarget section */

/* Begin PBXProject section */
		189EB7052B56944A0043BB6A /* Project object */ = {
			isa = PBXProject;
			attributes = {
				BuildIndependentTargetsInParallel = 1;
				LastSwiftUpdateCheck = 1330;
				LastUpgradeCheck = 1330;
				TargetAttributes = {
					189EB70C2B56944A0043BB6A = {
						CreatedOnToolsVersion = 13.3.1;
					};
				};
			};
			buildConfigurationList = 189EB7082B56944A0043BB6A /* Build configuration list for PBXProject "BookingDetailsPage" */;
			compatibilityVersion = "Xcode 13.0";
			developmentRegion = en;
			hasScannedForEncodings = 0;
			knownRegions = (
				en,
				Base,
			);
			mainGroup = 189EB7042B56944A0043BB6A;
			productRefGroup = 189EB70E2B56944A0043BB6A /* Products */;
			projectDirPath = "";
			projectRoot = "";
			targets = (
				189EB70C2B56944A0043BB6A /* BookingDetailsPage */,
			);
		};
/* End PBXProject section */

/* Begin PBXResourcesBuildPhase section */
		189EB70B2B56944A0043BB6A /* Resources */ = {
			isa = PBXResourcesBuildPhase;
			buildActionMask = 2147483647;
			files = (
				189EB71D2B56944C0043BB6A /* LaunchScreen.storyboard in Resources */,
				18B662A02B5966B200887038 /* TableViewCell.xib in Resources */,
				189EB71A2B56944C0043BB6A /* Assets.xcassets in Resources */,
				189EB7182B56944A0043BB6A /* Main.storyboard in Resources */,
			);
			runOnlyForDeploymentPostprocessing = 0;
		};
/* End PBXResourcesBuildPhase section */

/* Begin PBXSourcesBuildPhase section */
		189EB7092B56944A0043BB6A /* Sources */ = {
			isa = PBXSourcesBuildPhase;
			buildActionMask = 2147483647;
			files = (
				189EB7152B56944A0043BB6A /* ViewController.swift in Sources */,
				18B6629F2B5966B200887038 /* TableViewCell.swift in Sources */,
				189EB7112B56944A0043BB6A /* AppDelegate.swift in Sources */,
				189EB7132B56944A0043BB6A /* SceneDelegate.swift in Sources */,
			);
			runOnlyForDeploymentPostprocessing = 0;
		};
/* End PBXSourcesBuildPhase section */

/* Begin PBXVariantGroup section */
		189EB7162B56944A0043BB6A /* Main.storyboard */ = {
			isa = PBXVariantGroup;
			children = (
				189EB7172B56944A0043BB6A /* Base */,
			);
			name = Main.storyboard;
			sourceTree = "<group>";
		};
		189EB71B2B56944C0043BB6A /* LaunchScreen.storyboard */ = {
			isa = PBXVariantGroup;
			children = (
				189EB71C2B56944C0043BB6A /* Base */,
			);
			name = LaunchScreen.storyboard;
			sourceTree = "<group>";
		};
/* End PBXVariantGroup section */

/* Begin XCBuildConfiguration section */
		189EB71F2B56944C0043BB6A /* Debug */ = {
			isa = XCBuildConfiguration;
			buildSettings = {
				ALWAYS_SEARCH_USER_PATHS = NO;
				CLANG_ANALYZER_NONNULL = YES;
				CLANG_ANALYZER_NUMBER_OBJECT_CONVERSION = YES_AGGRESSIVE;
				CLANG_CXX_LANGUAGE_STANDARD = "gnu++17";
				CLANG_ENABLE_MODULES = YES;
				CLANG_ENABLE_OBJC_ARC = YES;
				CLANG_ENABLE_OBJC_WEAK = YES;
				CLANG_WARN_BLOCK_CAPTURE_AUTORELEASING = YES;
				CLANG_WARN_BOOL_CONVERSION = YES;
				CLANG_WARN_COMMA = YES;
				CLANG_WARN_CONSTANT_CONVERSION = YES;
				CLANG_WARN_DEPRECATED_OBJC_IMPLEMENTATIONS = YES;
				CLANG_WARN_DIRECT_OBJC_ISA_USAGE = YES_ERROR;
				CLANG_WARN_DOCUMENTATION_COMMENTS = YES;
				CLANG_WARN_EMPTY_BODY = YES;
				CLANG_WARN_ENUM_CONVERSION = YES;
				CLANG_WARN_INFINITE_RECURSION = YES;
				CLANG_WARN_INT_CONVERSION = YES;
				CLANG_WARN_NON_LITERAL_NULL_CONVERSION = YES;
				CLANG_WARN_OBJC_IMPLICIT_RETAIN_SELF = YES;
				CLANG_WARN_OBJC_LITERAL_CONVERSION = YES;
				CLANG_WARN_OBJC_ROOT_CLASS = YES_ERROR;
				CLANG_WARN_QUOTED_INCLUDE_IN_FRAMEWORK_HEADER = YES;
				CLANG_WARN_RANGE_LOOP_ANALYSIS = YES;
				CLANG_WARN_STRICT_PROTOTYPES = YES;
				CLANG_WARN_SUSPICIOUS_MOVE = YES;
				CLANG_WARN_UNGUARDED_AVAILABILITY = YES_AGGRESSIVE;
				CLANG_WARN_UNREACHABLE_CODE = YES;
				CLANG_WARN__DUPLICATE_METHOD_MATCH = YES;
				COPY_PHASE_STRIP = NO;
				DEBUG_INFORMATION_FORMAT = dwarf;
				ENABLE_STRICT_OBJC_MSGSEND = YES;
				ENABLE_TESTABILITY = YES;
				GCC_C_LANGUAGE_STANDARD = gnu11;
				GCC_DYNAMIC_NO_PIC = NO;
				GCC_NO_COMMON_BLOCKS = YES;
				GCC_OPTIMIZATION_LEVEL = 0;
				GCC_PREPROCESSOR_DEFINITIONS = (
					"DEBUG=1",
					"$(inherited)",
				);
				GCC_WARN_64_TO_32_BIT_CONVERSION = YES;
				GCC_WARN_ABOUT_RETURN_TYPE = YES_ERROR;
				GCC_WARN_UNDECLARED_SELECTOR = YES;
				GCC_WARN_UNINITIALIZED_AUTOS = YES_AGGRESSIVE;
				GCC_WARN_UNUSED_FUNCTION = YES;
				GCC_WARN_UNUSED_VARIABLE = YES;
				IPHONEOS_DEPLOYMENT_TARGET = 15.4;
				MTL_ENABLE_DEBUG_INFO = INCLUDE_SOURCE;
				MTL_FAST_MATH = YES;
				ONLY_ACTIVE_ARCH = YES;
				SDKROOT = iphoneos;
				SWIFT_ACTIVE_COMPILATION_CONDITIONS = DEBUG;
				SWIFT_OPTIMIZATION_LEVEL = "-Onone";
			};
			name = Debug;
		};
		189EB7202B56944C0043BB6A /* Release */ = {
			isa = XCBuildConfiguration;
			buildSettings = {
				ALWAYS_SEARCH_USER_PATHS = NO;
				CLANG_ANALYZER_NONNULL = YES;
				CLANG_ANALYZER_NUMBER_OBJECT_CONVERSION = YES_AGGRESSIVE;
				CLANG_CXX_LANGUAGE_STANDARD = "gnu++17";
				CLANG_ENABLE_MODULES = YES;
				CLANG_ENABLE_OBJC_ARC = YES;
				CLANG_ENABLE_OBJC_WEAK = YES;
				CLANG_WARN_BLOCK_CAPTURE_AUTORELEASING = YES;
				CLANG_WARN_BOOL_CONVERSION = YES;
				CLANG_WARN_COMMA = YES;
				CLANG_WARN_CONSTANT_CONVERSION = YES;
				CLANG_WARN_DEPRECATED_OBJC_IMPLEMENTATIONS = YES;
				CLANG_WARN_DIRECT_OBJC_ISA_USAGE = YES_ERROR;
				CLANG_WARN_DOCUMENTATION_COMMENTS = YES;
				CLANG_WARN_EMPTY_BODY = YES;
				CLANG_WARN_ENUM_CONVERSION = YES;
				CLANG_WARN_INFINITE_RECURSION = YES;
				CLANG_WARN_INT_CONVERSION = YES;
				CLANG_WARN_NON_LITERAL_NULL_CONVERSION = YES;
				CLANG_WARN_OBJC_IMPLICIT_RETAIN_SELF = YES;
				CLANG_WARN_OBJC_LITERAL_CONVERSION = YES;
				CLANG_WARN_OBJC_ROOT_CLASS = YES_ERROR;
				CLANG_WARN_QUOTED_INCLUDE_IN_FRAMEWORK_HEADER = YES;
				CLANG_WARN_RANGE_LOOP_ANALYSIS = YES;
				CLANG_WARN_STRICT_PROTOTYPES = YES;
				CLANG_WARN_SUSPICIOUS_MOVE = YES;
				CLANG_WARN_UNGUARDED_AVAILABILITY = YES_AGGRESSIVE;
				CLANG_WARN_UNREACHABLE_CODE = YES;
				CLANG_WARN__DUPLICATE_METHOD_MATCH = YES;
				COPY_PHASE_STRIP = NO;
				DEBUG_INFORMATION_FORMAT = "dwarf-with-dsym";
				ENABLE_NS_ASSERTIONS = NO;
				ENABLE_STRICT_OBJC_MSGSEND = YES;
				GCC_C_LANGUAGE_STANDARD = gnu11;
				GCC_NO_COMMON_BLOCKS = YES;
				GCC_WARN_64_TO_32_BIT_CONVERSION = YES;
				GCC_WARN_ABOUT_RETURN_TYPE = YES_ERROR;
				GCC_WARN_UNDECLARED_SELECTOR = YES;
				GCC_WARN_UNINITIALIZED_AUTOS = YES_AGGRESSIVE;
				GCC_WARN_UNUSED_FUNCTION = YES;
				GCC_WARN_UNUSED_VARIABLE = YES;
				IPHONEOS_DEPLOYMENT_TARGET = 15.4;
				MTL_ENABLE_DEBUG_INFO = NO;
				MTL_FAST_MATH = YES;
				SDKROOT = iphoneos;
				SWIFT_COMPILATION_MODE = wholemodule;
				SWIFT_OPTIMIZATION_LEVEL = "-O";
				VALIDATE_PRODUCT = YES;
			};
			name = Release;
		};
		189EB7222B56944C0043BB6A /* Debug */ = {
			isa = XCBuildConfiguration;
			buildSettings = {
				ASSETCATALOG_COMPILER_APPICON_NAME = AppIcon;
				ASSETCATALOG_COMPILER_GLOBAL_ACCENT_COLOR_NAME = AccentColor;
				CODE_SIGN_STYLE = Automatic;
				CURRENT_PROJECT_VERSION = 1;
				DEVELOPMENT_TEAM = PLPCW5563M;
				GENERATE_INFOPLIST_FILE = YES;
				INFOPLIST_FILE = BookingDetailsPage/Info.plist;
				INFOPLIST_KEY_UIApplicationSupportsIndirectInputEvents = YES;
				INFOPLIST_KEY_UILaunchStoryboardName = LaunchScreen;
				INFOPLIST_KEY_UIMainStoryboardFile = Main;
				INFOPLIST_KEY_UISupportedInterfaceOrientations_iPad = "UIInterfaceOrientationPortrait UIInterfaceOrientationPortraitUpsideDown UIInterfaceOrientationLandscapeLeft UIInterfaceOrientationLandscapeRight";
				INFOPLIST_KEY_UISupportedInterfaceOrientations_iPhone = "UIInterfaceOrientationPortrait UIInterfaceOrientationLandscapeLeft UIInterfaceOrientationLandscapeRight";
				LD_RUNPATH_SEARCH_PATHS = (
					"$(inherited)",
					"@executable_path/Frameworks",
				);
				MARKETING_VERSION = 1.0;
				PRODUCT_BUNDLE_IDENTIFIER = com.digitalaptech.BookingDetailsPage;
				PRODUCT_NAME = "$(TARGET_NAME)";
				SWIFT_EMIT_LOC_STRINGS = YES;
				SWIFT_VERSION = 5.0;
				TARGETED_DEVICE_FAMILY = "1,2";
			};
			name = Debug;
		};
		189EB7232B56944C0043BB6A /* Release */ = {
			isa = XCBuildConfiguration;
			buildSettings = {
				ASSETCATALOG_COMPILER_APPICON_NAME = AppIcon;
				ASSETCATALOG_COMPILER_GLOBAL_ACCENT_COLOR_NAME = AccentColor;
				CODE_SIGN_STYLE = Automatic;
				CURRENT_PROJECT_VERSION = 1;
				DEVELOPMENT_TEAM = PLPCW5563M;
				GENERATE_INFOPLIST_FILE = YES;
				INFOPLIST_FILE = BookingDetailsPage/Info.plist;
				INFOPLIST_KEY_UIApplicationSupportsIndirectInputEvents = YES;
				INFOPLIST_KEY_UILaunchStoryboardName = LaunchScreen;
				INFOPLIST_KEY_UIMainStoryboardFile = Main;
				INFOPLIST_KEY_UISupportedInterfaceOrientations_iPad = "UIInterfaceOrientationPortrait UIInterfaceOrientationPortraitUpsideDown UIInterfaceOrientationLandscapeLeft UIInterfaceOrientationLandscapeRight";
				INFOPLIST_KEY_UISupportedInterfaceOrientations_iPhone = "UIInterfaceOrientationPortrait UIInterfaceOrientationLandscapeLeft UIInterfaceOrientationLandscapeRight";
				LD_RUNPATH_SEARCH_PATHS = (
					"$(inherited)",
					"@executable_path/Frameworks",
				);
				MARKETING_VERSION = 1.0;
				PRODUCT_BUNDLE_IDENTIFIER = com.digitalaptech.BookingDetailsPage;
				PRODUCT_NAME = "$(TARGET_NAME)";
				SWIFT_EMIT_LOC_STRINGS = YES;
				SWIFT_VERSION = 5.0;
				TARGETED_DEVICE_FAMILY = "1,2";
			};
			name = Release;
		};
/* End XCBuildConfiguration section */

/* Begin XCConfigurationList section */
		189EB7082B56944A0043BB6A /* Build configuration list for PBXProject "BookingDetailsPage" */ = {
			isa = XCConfigurationList;
			buildConfigurations = (
				189EB71F2B56944C0043BB6A /* Debug */,
				189EB7202B56944C0043BB6A /* Release */,
			);
			defaultConfigurationIsVisible = 0;
			defaultConfigurationName = Release;
		};
		189EB7212B56944C0043BB6A /* Build configuration list for PBXNativeTarget "BookingDetailsPage" */ = {
			isa = XCConfigurationList;
			buildConfigurations = (
				189EB7222B56944C0043BB6A /* Debug */,
				189EB7232B56944C0043BB6A /* Release */,
			);
			defaultConfigurationIsVisible = 0;
			defaultConfigurationName = Release;
		};
/* End XCConfigurationList section */
	};
	rootObject = 189EB7052B56944A0043BB6A /* Project object */;
}
